
Microsoft Visual Studio Solution File, Format Version 12.00
# Visual Studio 15
VisualStudioVersion = 15.0.27130.2027
MinimumVisualStudioVersion = 10.0.40219.1
Project("{FAE04EC0-301F-11D3-BF4B-00C04F79EFBC}") = "Feedback-Logs", "Feedback-Logs\Feedback-Logs.csproj", "{A20BDEFD-6464-4115-9C7F-342BF79E2D72}"
EndProject
Global
	GlobalSection(SolutionConfigurationPlatforms) = preSolution
		Debug|Any CPU = Debug|Any CPU
		Release|Any CPU = Release|Any CPU
	EndGlobalSection
	GlobalSection(ProjectConfigurationPlatforms) = postSolution
		{A20BDEFD-6464-4115-9C7F-342BF79E2D72}.Debug|Any CPU.ActiveCfg = Debug|Any CPU
		{A20BDEFD-6464-4115-9C7F-342BF79E2D72}.Debug|Any CPU.Build.0 = Debug|Any CPU
		{A20BDEFD-6464-4115-9C7F-342BF79E2D72}.Release|Any CPU.ActiveCfg = Release|Any CPU
		{A20BDEFD-6464-4115-9C7F-342BF79E2D72}.Release|Any CPU.Build.0 = Release|Any CPU
	EndGlobalSection
	GlobalSection(SolutionProperties) = preSolution
		HideSolutionNode = FALSE
	EndGlobalSection
	GlobalSection(ExtensibilityGlobals) = postSolution
		SolutionGuid = {46DCFD88-D1DF-4B3E-8B73-41660D4043A5}
	EndGlobalSection
EndGlobal
